schema: '2.0'
stages:
  data_ingestion:
    cmd: python src/data_ingestion.py
    deps:
    - path: src/data_ingestion.py
      hash: md5
      md5: 0908699fac8f5e9a442d1f35d33334ea
      size: 3920
    params:
      params.yaml:
        data_ingestion.test_size: 0.31
    outs:
    - path: data/raw
      hash: md5
      md5: 8ff2bf1b6c1be4f9112a13232342bc24.dir
      size: 484846
      nfiles: 2
  data_preprocessing:
    cmd: python src/data_preprocessing.py
    deps:
    - path: data/raw
      hash: md5
      md5: 8ff2bf1b6c1be4f9112a13232342bc24.dir
      size: 484846
      nfiles: 2
    - path: src/data_preprocessing.py
      hash: md5
      md5: b5946c2550e278863305249c1a605df4
      size: 4097
    outs:
    - path: data/interim
      hash: md5
      md5: c127b073a4891214d6a5ac5c98385b9b.dir
      size: 262585
      nfiles: 2
  feature_engineering:
    cmd: python src/feature_engineering.py
    deps:
    - path: data/interim
      hash: md5
      md5: c127b073a4891214d6a5ac5c98385b9b.dir
      size: 262585
      nfiles: 2
    - path: src/feature_engineering.py
      hash: md5
      md5: 8b43453106271d185a07014d1e0229c5
      size: 4067
    params:
      params.yaml:
        feature_engineering.max_features: 45
    outs:
    - path: data/processed
      hash: md5
      md5: 17b64f36e43d4e87bafbdb1b7aa4ebbc.dir
      size: 1073134
      nfiles: 2
  model_building:
    cmd: python src/model_building.py
    deps:
    - path: data/processed
      hash: md5
      md5: 17b64f36e43d4e87bafbdb1b7aa4ebbc.dir
      size: 1073134
      nfiles: 2
    - path: src/model_building.py
      hash: md5
      md5: 633ee8d6959fc05011779cec4cd19253
      size: 4544
    params:
      params.yaml:
        model_building.n_estimators: 23
        model_building.random_state: 2
    outs:
    - path: models/model.pkl
      hash: md5
      md5: 39771ba0be636341ae1964492dd37917
      size: 780222
  model_evaluation:
    cmd: python src/model_evaluation.py
    deps:
    - path: models/model.pkl
      hash: md5
      md5: 39771ba0be636341ae1964492dd37917
      size: 780222
    - path: src/model_evaluation.py
      hash: md5
      md5: c4089ef4e3f0f99ba13c404a0cf7ad30
      size: 4641
    outs:
    - path: reports/metrics.json
      hash: md5
      md5: 4fa72aaacfb83f2cc0bfdf83e7f245eb
      size: 143
