schema: '2.0'
stages:
  data_ingestion:
    cmd: python src/data_ingestion.py
    deps:
    - path: src/data_ingestion.py
      hash: md5
      md5: 0908699fac8f5e9a442d1f35d33334ea
      size: 3920
    params:
      params.yaml:
        data_ingestion.test_size: 0.25
    outs:
    - path: data/raw
      hash: md5
      md5: 04dd235295cb72c313e376c794dbd399.dir
      size: 484846
      nfiles: 2
  data_preprocessing:
    cmd: python src/data_preprocessing.py
    deps:
    - path: data/raw
      hash: md5
      md5: 04dd235295cb72c313e376c794dbd399.dir
      size: 484846
      nfiles: 2
    - path: src/data_preprocessing.py
      hash: md5
      md5: b5946c2550e278863305249c1a605df4
      size: 4097
    outs:
    - path: data/interim
      hash: md5
      md5: a93065f5a2727e5e7dd327b4604144d5.dir
      size: 261440
      nfiles: 2
  feature_engineering:
    cmd: python src/feature_engineering.py
    deps:
    - path: data/interim
      hash: md5
      md5: a93065f5a2727e5e7dd327b4604144d5.dir
      size: 261440
      nfiles: 2
    - path: src/feature_engineering.py
      hash: md5
      md5: 8b43453106271d185a07014d1e0229c5
      size: 4067
    params:
      params.yaml:
        feature_engineering.max_features: 45
    outs:
    - path: data/processed
      hash: md5
      md5: 82e512052f346dcee9475acd19c8d410.dir
      size: 1069133
      nfiles: 2
  model_building:
    cmd: python src/model_building.py
    deps:
    - path: data/processed
      hash: md5
      md5: 82e512052f346dcee9475acd19c8d410.dir
      size: 1069133
      nfiles: 2
    - path: src/model_building.py
      hash: md5
      md5: 633ee8d6959fc05011779cec4cd19253
      size: 4544
    params:
      params.yaml:
        model_building.n_estimators: 24
        model_building.random_state: 2
    outs:
    - path: models/model.pkl
      hash: md5
      md5: 6f9892e61b1a07b489e26cf6f2516d72
      size: 889267
  model_evaluation:
    cmd: python src/model_evaluation.py
    deps:
    - path: models/model.pkl
      hash: md5
      md5: 6f9892e61b1a07b489e26cf6f2516d72
      size: 889267
    - path: src/model_evaluation.py
      hash: md5
      md5: 955f16bfee8e744794417dc8627edf62
      size: 4651
    outs:
    - path: reports/metrics.json
      hash: md5
      md5: d79a4dc196d25c9574b2e685d68e4ddd
      size: 145
